// !$*UTF8*$!
{
	archiveVersion = 1;
	classes = {
	};
	objectVersion = 46;
	objects = {

/* Begin PBXBuildFile section */
		342C19F01E7FEE2C00BDA3D0 /* AppDelegate.swift in Sources */ = {isa = PBXBuildFile; fileRef = 342C19EF1E7FEE2C00BDA3D0 /* AppDelegate.swift */; };
		342C19F21E7FEE2C00BDA3D0 /* ViewController.swift in Sources */ = {isa = PBXBuildFile; fileRef = 342C19F11E7FEE2C00BDA3D0 /* ViewController.swift */; };
		342C19F51E7FEE2C00BDA3D0 /* Main.storyboard in Resources */ = {isa = PBXBuildFile; fileRef = 342C19F31E7FEE2C00BDA3D0 /* Main.storyboard */; };
		342C19F71E7FEE2C00BDA3D0 /* Assets.xcassets in Resources */ = {isa = PBXBuildFile; fileRef = 342C19F61E7FEE2C00BDA3D0 /* Assets.xcassets */; };
		342C19FA1E7FEE2C00BDA3D0 /* LaunchScreen.storyboard in Resources */ = {isa = PBXBuildFile; fileRef = 342C19F81E7FEE2C00BDA3D0 /* LaunchScreen.storyboard */; };
		342C1A171E7FF53200BDA3D0 /* Login_Assembly.swift in Sources */ = {isa = PBXBuildFile; fileRef = 342C1A101E7FF53200BDA3D0 /* Login_Assembly.swift */; };
		342C1A181E7FF53200BDA3D0 /* Login_Interactor.swift in Sources */ = {isa = PBXBuildFile; fileRef = 342C1A111E7FF53200BDA3D0 /* Login_Interactor.swift */; };
		342C1A191E7FF53200BDA3D0 /* Login_Presenter.swift in Sources */ = {isa = PBXBuildFile; fileRef = 342C1A121E7FF53200BDA3D0 /* Login_Presenter.swift */; };
		342C1A1A1E7FF53200BDA3D0 /* Login_Protocols.swift in Sources */ = {isa = PBXBuildFile; fileRef = 342C1A131E7FF53200BDA3D0 /* Login_Protocols.swift */; };
		342C1A1B1E7FF53200BDA3D0 /* Login_Router.swift in Sources */ = {isa = PBXBuildFile; fileRef = 342C1A141E7FF53200BDA3D0 /* Login_Router.swift */; };
		342C1A1C1E7FF53200BDA3D0 /* Login_ViewController.swift in Sources */ = {isa = PBXBuildFile; fileRef = 342C1A151E7FF53200BDA3D0 /* Login_ViewController.swift */; };
		342C1A1F1E8007CF00BDA3D0 /* Lib_Protocols.swift in Sources */ = {isa = PBXBuildFile; fileRef = 342C1A1E1E8007CF00BDA3D0 /* Lib_Protocols.swift */; };
		345C60091E80401A00625792 /* User.swift in Sources */ = {isa = PBXBuildFile; fileRef = 345C60081E80401A00625792 /* User.swift */; };
		345C600B1E80410400625792 /* Lib_Presenter.swift in Sources */ = {isa = PBXBuildFile; fileRef = 345C600A1E80410400625792 /* Lib_Presenter.swift */; };
		345C600D1E80436A00625792 /* Lib_ViewController.swift in Sources */ = {isa = PBXBuildFile; fileRef = 345C600C1E80436A00625792 /* Lib_ViewController.swift */; };
		34CEADB81E81773800FB2E70 /* Login_ViewController.xib in Resources */ = {isa = PBXBuildFile; fileRef = 34CEADB71E81773800FB2E70 /* Login_ViewController.xib */; };
		34CEADC01E81793300FB2E70 /* Home_Assembly.swift in Sources */ = {isa = PBXBuildFile; fileRef = 34CEADB91E81793300FB2E70 /* Home_Assembly.swift */; };
		34CEADC11E81793300FB2E70 /* Home_Interactor.swift in Sources */ = {isa = PBXBuildFile; fileRef = 34CEADBA1E81793300FB2E70 /* Home_Interactor.swift */; };
		34CEADC21E81793300FB2E70 /* Home_Presenter.swift in Sources */ = {isa = PBXBuildFile; fileRef = 34CEADBB1E81793300FB2E70 /* Home_Presenter.swift */; };
		34CEADC31E81793300FB2E70 /* Home_Protocols.swift in Sources */ = {isa = PBXBuildFile; fileRef = 34CEADBC1E81793300FB2E70 /* Home_Protocols.swift */; };
		34CEADC41E81793300FB2E70 /* Home_Router.swift in Sources */ = {isa = PBXBuildFile; fileRef = 34CEADBD1E81793300FB2E70 /* Home_Router.swift */; };
		34CEADC51E81793300FB2E70 /* Home_ViewController.swift in Sources */ = {isa = PBXBuildFile; fileRef = 34CEADBE1E81793300FB2E70 /* Home_ViewController.swift */; };
		34CEADC61E81793300FB2E70 /* Home_ViewController.xib in Resources */ = {isa = PBXBuildFile; fileRef = 34CEADBF1E81793300FB2E70 /* Home_ViewController.xib */; };
		34DE4BE71E827055000CD117 /* Register_Assembly.swift in Sources */ = {isa = PBXBuildFile; fileRef = 34DE4BE01E827055000CD117 /* Register_Assembly.swift */; };
		34DE4BE81E827055000CD117 /* Register_Interactor.swift in Sources */ = {isa = PBXBuildFile; fileRef = 34DE4BE11E827055000CD117 /* Register_Interactor.swift */; };
		34DE4BE91E827055000CD117 /* Register_Presenter.swift in Sources */ = {isa = PBXBuildFile; fileRef = 34DE4BE21E827055000CD117 /* Register_Presenter.swift */; };
		34DE4BEA1E827055000CD117 /* Register_Protocols.swift in Sources */ = {isa = PBXBuildFile; fileRef = 34DE4BE31E827055000CD117 /* Register_Protocols.swift */; };
		34DE4BEB1E827055000CD117 /* Register_Router.swift in Sources */ = {isa = PBXBuildFile; fileRef = 34DE4BE41E827055000CD117 /* Register_Router.swift */; };
		34DE4BEC1E827055000CD117 /* Register_ViewController.swift in Sources */ = {isa = PBXBuildFile; fileRef = 34DE4BE51E827055000CD117 /* Register_ViewController.swift */; };
		34DE4BED1E827055000CD117 /* Register_ViewController.xib in Resources */ = {isa = PBXBuildFile; fileRef = 34DE4BE61E827055000CD117 /* Register_ViewController.xib */; };
/* End PBXBuildFile section */

/* Begin PBXFileReference section */
		342C19EC1E7FEE2C00BDA3D0 /* SwiftViper.app */ = {isa = PBXFileReference; explicitFileType = wrapper.application; includeInIndex = 0; path = SwiftViper.app; sourceTree = BUILT_PRODUCTS_DIR; };
		342C19EF1E7FEE2C00BDA3D0 /* AppDelegate.swift */ = {isa = PBXFileReference; lastKnownFileType = sourcecode.swift; path = AppDelegate.swift; sourceTree = "<group>"; };
		342C19F11E7FEE2C00BDA3D0 /* ViewController.swift */ = {isa = PBXFileReference; lastKnownFileType = sourcecode.swift; path = ViewController.swift; sourceTree = "<group>"; };
		342C19F41E7FEE2C00BDA3D0 /* Base */ = {isa = PBXFileReference; lastKnownFileType = file.storyboard; name = Base; path = Base.lproj/Main.storyboard; sourceTree = "<group>"; };
		342C19F61E7FEE2C00BDA3D0 /* Assets.xcassets */ = {isa = PBXFileReference; lastKnownFileType = folder.assetcatalog; path = Assets.xcassets; sourceTree = "<group>"; };
		342C19F91E7FEE2C00BDA3D0 /* Base */ = {isa = PBXFileReference; lastKnownFileType = file.storyboard; name = Base; path = Base.lproj/LaunchScreen.storyboard; sourceTree = "<group>"; };
		342C19FB1E7FEE2C00BDA3D0 /* Info.plist */ = {isa = PBXFileReference; lastKnownFileType = text.plist.xml; path = Info.plist; sourceTree = "<group>"; };
		342C1A101E7FF53200BDA3D0 /* Login_Assembly.swift */ = {isa = PBXFileReference; fileEncoding = 4; lastKnownFileType = sourcecode.swift; path = Login_Assembly.swift; sourceTree = "<group>"; };
		342C1A111E7FF53200BDA3D0 /* Login_Interactor.swift */ = {isa = PBXFileReference; fileEncoding = 4; lastKnownFileType = sourcecode.swift; path = Login_Interactor.swift; sourceTree = "<group>"; };
		342C1A121E7FF53200BDA3D0 /* Login_Presenter.swift */ = {isa = PBXFileReference; fileEncoding = 4; lastKnownFileType = sourcecode.swift; path = Login_Presenter.swift; sourceTree = "<group>"; };
		342C1A131E7FF53200BDA3D0 /* Login_Protocols.swift */ = {isa = PBXFileReference; fileEncoding = 4; lastKnownFileType = sourcecode.swift; path = Login_Protocols.swift; sourceTree = "<group>"; };
		342C1A141E7FF53200BDA3D0 /* Login_Router.swift */ = {isa = PBXFileReference; fileEncoding = 4; lastKnownFileType = sourcecode.swift; path = Login_Router.swift; sourceTree = "<group>"; };
		342C1A151E7FF53200BDA3D0 /* Login_ViewController.swift */ = {isa = PBXFileReference; fileEncoding = 4; lastKnownFileType = sourcecode.swift; path = Login_ViewController.swift; sourceTree = "<group>"; };
		342C1A1E1E8007CF00BDA3D0 /* Lib_Protocols.swift */ = {isa = PBXFileReference; fileEncoding = 4; lastKnownFileType = sourcecode.swift; path = Lib_Protocols.swift; sourceTree = "<group>"; };
		345C60081E80401A00625792 /* User.swift */ = {isa = PBXFileReference; fileEncoding = 4; lastKnownFileType = sourcecode.swift; path = User.swift; sourceTree = "<group>"; };
		345C600A1E80410400625792 /* Lib_Presenter.swift */ = {isa = PBXFileReference; fileEncoding = 4; lastKnownFileType = sourcecode.swift; path = Lib_Presenter.swift; sourceTree = "<group>"; };
		345C600C1E80436A00625792 /* Lib_ViewController.swift */ = {isa = PBXFileReference; fileEncoding = 4; lastKnownFileType = sourcecode.swift; path = Lib_ViewController.swift; sourceTree = "<group>"; };
		34CEADB71E81773800FB2E70 /* Login_ViewController.xib */ = {isa = PBXFileReference; fileEncoding = 4; lastKnownFileType = file.xib; path = Login_ViewController.xib; sourceTree = "<group>"; };
		34CEADB91E81793300FB2E70 /* Home_Assembly.swift */ = {isa = PBXFileReference; fileEncoding = 4; lastKnownFileType = sourcecode.swift; path = Home_Assembly.swift; sourceTree = "<group>"; };
		34CEADBA1E81793300FB2E70 /* Home_Interactor.swift */ = {isa = PBXFileReference; fileEncoding = 4; lastKnownFileType = sourcecode.swift; path = Home_Interactor.swift; sourceTree = "<group>"; };
		34CEADBB1E81793300FB2E70 /* Home_Presenter.swift */ = {isa = PBXFileReference; fileEncoding = 4; lastKnownFileType = sourcecode.swift; path = Home_Presenter.swift; sourceTree = "<group>"; };
		34CEADBC1E81793300FB2E70 /* Home_Protocols.swift */ = {isa = PBXFileReference; fileEncoding = 4; lastKnownFileType = sourcecode.swift; path = Home_Protocols.swift; sourceTree = "<group>"; };
		34CEADBD1E81793300FB2E70 /* Home_Router.swift */ = {isa = PBXFileReference; fileEncoding = 4; lastKnownFileType = sourcecode.swift; path = Home_Router.swift; sourceTree = "<group>"; };
		34CEADBE1E81793300FB2E70 /* Home_ViewController.swift */ = {isa = PBXFileReference; fileEncoding = 4; lastKnownFileType = sourcecode.swift; path = Home_ViewController.swift; sourceTree = "<group>"; };
		34CEADBF1E81793300FB2E70 /* Home_ViewController.xib */ = {isa = PBXFileReference; fileEncoding = 4; lastKnownFileType = file.xib; path = Home_ViewController.xib; sourceTree = "<group>"; };
		34DE4BE01E827055000CD117 /* Register_Assembly.swift */ = {isa = PBXFileReference; fileEncoding = 4; lastKnownFileType = sourcecode.swift; path = Register_Assembly.swift; sourceTree = "<group>"; };
		34DE4BE11E827055000CD117 /* Register_Interactor.swift */ = {isa = PBXFileReference; fileEncoding = 4; lastKnownFileType = sourcecode.swift; path = Register_Interactor.swift; sourceTree = "<group>"; };
		34DE4BE21E827055000CD117 /* Register_Presenter.swift */ = {isa = PBXFileReference; fileEncoding = 4; lastKnownFileType = sourcecode.swift; path = Register_Presenter.swift; sourceTree = "<group>"; };
		34DE4BE31E827055000CD117 /* Register_Protocols.swift */ = {isa = PBXFileReference; fileEncoding = 4; lastKnownFileType = sourcecode.swift; path = Register_Protocols.swift; sourceTree = "<group>"; };
		34DE4BE41E827055000CD117 /* Register_Router.swift */ = {isa = PBXFileReference; fileEncoding = 4; lastKnownFileType = sourcecode.swift; path = Register_Router.swift; sourceTree = "<group>"; };
		34DE4BE51E827055000CD117 /* Register_ViewController.swift */ = {isa = PBXFileReference; fileEncoding = 4; lastKnownFileType = sourcecode.swift; path = Register_ViewController.swift; sourceTree = "<group>"; };
		34DE4BE61E827055000CD117 /* Register_ViewController.xib */ = {isa = PBXFileReference; fileEncoding = 4; lastKnownFileType = file.xib; path = Register_ViewController.xib; sourceTree = "<group>"; };
/* End PBXFileReference section */

/* Begin PBXFrameworksBuildPhase section */
		342C19E91E7FEE2C00BDA3D0 /* Frameworks */ = {
			isa = PBXFrameworksBuildPhase;
			buildActionMask = 2147483647;
			files = (
			);
			runOnlyForDeploymentPostprocessing = 0;
		};
/* End PBXFrameworksBuildPhase section */

/* Begin PBXGroup section */
		342C19E31E7FEE2C00BDA3D0 = {
			isa = PBXGroup;
			children = (
				342C19EE1E7FEE2C00BDA3D0 /* SwiftViper */,
				342C19ED1E7FEE2C00BDA3D0 /* Products */,
			);
			sourceTree = "<group>";
		};
		342C19ED1E7FEE2C00BDA3D0 /* Products */ = {
			isa = PBXGroup;
			children = (
				342C19EC1E7FEE2C00BDA3D0 /* SwiftViper.app */,
			);
			name = Products;
			sourceTree = "<group>";
		};
		342C19EE1E7FEE2C00BDA3D0 /* SwiftViper */ = {
			isa = PBXGroup;
			children = (
				342C1A1D1E8007C300BDA3D0 /* Lib */,
				342C1A0E1E7FF53200BDA3D0 /* Scenes */,
				342C1A161E7FF53200BDA3D0 /* Models */,
				342C19EF1E7FEE2C00BDA3D0 /* AppDelegate.swift */,
				342C19F11E7FEE2C00BDA3D0 /* ViewController.swift */,
				342C19F31E7FEE2C00BDA3D0 /* Main.storyboard */,
				342C19F61E7FEE2C00BDA3D0 /* Assets.xcassets */,
				342C19F81E7FEE2C00BDA3D0 /* LaunchScreen.storyboard */,
				342C19FB1E7FEE2C00BDA3D0 /* Info.plist */,
			);
			path = SwiftViper;
			sourceTree = "<group>";
		};
		342C1A0E1E7FF53200BDA3D0 /* Scenes */ = {
			isa = PBXGroup;
			children = (
				34CEADA91E816F4F00FB2E70 /* Register */,
				34CEADAA1E816F4F00FB2E70 /* Home */,
				342C1A0F1E7FF53200BDA3D0 /* Login */,
			);
			path = Scenes;
			sourceTree = "<group>";
		};
		342C1A0F1E7FF53200BDA3D0 /* Login */ = {
			isa = PBXGroup;
			children = (
				342C1A101E7FF53200BDA3D0 /* Login_Assembly.swift */,
				342C1A111E7FF53200BDA3D0 /* Login_Interactor.swift */,
				342C1A121E7FF53200BDA3D0 /* Login_Presenter.swift */,
				342C1A131E7FF53200BDA3D0 /* Login_Protocols.swift */,
				342C1A141E7FF53200BDA3D0 /* Login_Router.swift */,
				342C1A151E7FF53200BDA3D0 /* Login_ViewController.swift */,
				34CEADB71E81773800FB2E70 /* Login_ViewController.xib */,
			);
			path = Login;
			sourceTree = "<group>";
		};
		342C1A161E7FF53200BDA3D0 /* Models */ = {
			isa = PBXGroup;
			children = (
				345C60081E80401A00625792 /* User.swift */,
			);
			path = Models;
			sourceTree = "<group>";
		};
		342C1A1D1E8007C300BDA3D0 /* Lib */ = {
			isa = PBXGroup;
			children = (
				342C1A1E1E8007CF00BDA3D0 /* Lib_Protocols.swift */,
				345C600A1E80410400625792 /* Lib_Presenter.swift */,
				345C600C1E80436A00625792 /* Lib_ViewController.swift */,
			);
			path = Lib;
			sourceTree = "<group>";
		};
		34CEADA91E816F4F00FB2E70 /* Register */ = {
			isa = PBXGroup;
			children = (
				34DE4BE01E827055000CD117 /* Register_Assembly.swift */,
				34DE4BE11E827055000CD117 /* Register_Interactor.swift */,
				34DE4BE21E827055000CD117 /* Register_Presenter.swift */,
				34DE4BE31E827055000CD117 /* Register_Protocols.swift */,
				34DE4BE41E827055000CD117 /* Register_Router.swift */,
				34DE4BE51E827055000CD117 /* Register_ViewController.swift */,
				34DE4BE61E827055000CD117 /* Register_ViewController.xib */,
			);
			path = Register;
			sourceTree = "<group>";
		};
		34CEADAA1E816F4F00FB2E70 /* Home */ = {
			isa = PBXGroup;
			children = (
				34CEADB91E81793300FB2E70 /* Home_Assembly.swift */,
				34CEADBA1E81793300FB2E70 /* Home_Interactor.swift */,
				34CEADBB1E81793300FB2E70 /* Home_Presenter.swift */,
				34CEADBC1E81793300FB2E70 /* Home_Protocols.swift */,
				34CEADBD1E81793300FB2E70 /* Home_Router.swift */,
				34CEADBE1E81793300FB2E70 /* Home_ViewController.swift */,
				34CEADBF1E81793300FB2E70 /* Home_ViewController.xib */,
			);
			path = Home;
			sourceTree = "<group>";
		};
/* End PBXGroup section */

/* Begin PBXNativeTarget section */
		342C19EB1E7FEE2C00BDA3D0 /* SwiftViper */ = {
			isa = PBXNativeTarget;
			buildConfigurationList = 342C19FE1E7FEE2C00BDA3D0 /* Build configuration list for PBXNativeTarget "SwiftViper" */;
			buildPhases = (
				342C19E81E7FEE2C00BDA3D0 /* Sources */,
				342C19E91E7FEE2C00BDA3D0 /* Frameworks */,
				342C19EA1E7FEE2C00BDA3D0 /* Resources */,
			);
			buildRules = (
			);
			dependencies = (
			);
			name = SwiftViper;
			productName = SwiftViper;
			productReference = 342C19EC1E7FEE2C00BDA3D0 /* SwiftViper.app */;
			productType = "com.apple.product-type.application";
		};
/* End PBXNativeTarget section */

/* Begin PBXProject section */
		342C19E41E7FEE2C00BDA3D0 /* Project object */ = {
			isa = PBXProject;
			attributes = {
				LastSwiftUpdateCheck = 0820;
				LastUpgradeCheck = 0820;
				ORGANIZATIONNAME = acsanchezcu;
				TargetAttributes = {
					342C19EB1E7FEE2C00BDA3D0 = {
						CreatedOnToolsVersion = 8.2.1;
						DevelopmentTeam = A8GM57A6DQ;
						ProvisioningStyle = Automatic;
					};
				};
			};
			buildConfigurationList = 342C19E71E7FEE2C00BDA3D0 /* Build configuration list for PBXProject "SwiftViper" */;
			compatibilityVersion = "Xcode 3.2";
			developmentRegion = English;
			hasScannedForEncodings = 0;
			knownRegions = (
				en,
				Base,
			);
			mainGroup = 342C19E31E7FEE2C00BDA3D0;
			productRefGroup = 342C19ED1E7FEE2C00BDA3D0 /* Products */;
			projectDirPath = "";
			projectRoot = "";
			targets = (
				342C19EB1E7FEE2C00BDA3D0 /* SwiftViper */,
			);
		};
/* End PBXProject section */

/* Begin PBXResourcesBuildPhase section */
		342C19EA1E7FEE2C00BDA3D0 /* Resources */ = {
			isa = PBXResourcesBuildPhase;
			buildActionMask = 2147483647;
			files = (
				34CEADB81E81773800FB2E70 /* Login_ViewController.xib in Resources */,
				34DE4BED1E827055000CD117 /* Register_ViewController.xib in Resources */,
				342C19FA1E7FEE2C00BDA3D0 /* LaunchScreen.storyboard in Resources */,
				342C19F71E7FEE2C00BDA3D0 /* Assets.xcassets in Resources */,
				34CEADC61E81793300FB2E70 /* Home_ViewController.xib in Resources */,
				342C19F51E7FEE2C00BDA3D0 /* Main.storyboard in Resources */,
			);
			runOnlyForDeploymentPostprocessing = 0;
		};
/* End PBXResourcesBuildPhase section */

/* Begin PBXSourcesBuildPhase section */
		342C19E81E7FEE2C00BDA3D0 /* Sources */ = {
			isa = PBXSourcesBuildPhase;
			buildActionMask = 2147483647;
			files = (
				342C1A171E7FF53200BDA3D0 /* Login_Assembly.swift in Sources */,
				34CEADC41E81793300FB2E70 /* Home_Router.swift in Sources */,
				345C600B1E80410400625792 /* Lib_Presenter.swift in Sources */,
				34CEADC21E81793300FB2E70 /* Home_Presenter.swift in Sources */,
				342C1A1B1E7FF53200BDA3D0 /* Login_Router.swift in Sources */,
				342C1A1F1E8007CF00BDA3D0 /* Lib_Protocols.swift in Sources */,
				342C1A181E7FF53200BDA3D0 /* Login_Interactor.swift in Sources */,
				342C1A1A1E7FF53200BDA3D0 /* Login_Protocols.swift in Sources */,
				342C19F21E7FEE2C00BDA3D0 /* ViewController.swift in Sources */,
				34DE4BEB1E827055000CD117 /* Register_Router.swift in Sources */,
				342C1A191E7FF53200BDA3D0 /* Login_Presenter.swift in Sources */,
				34DE4BEC1E827055000CD117 /* Register_ViewController.swift in Sources */,
				34DE4BEA1E827055000CD117 /* Register_Protocols.swift in Sources */,
				34DE4BE91E827055000CD117 /* Register_Presenter.swift in Sources */,
				345C600D1E80436A00625792 /* Lib_ViewController.swift in Sources */,
				34CEADC01E81793300FB2E70 /* Home_Assembly.swift in Sources */,
				34DE4BE71E827055000CD117 /* Register_Assembly.swift in Sources */,
				342C19F01E7FEE2C00BDA3D0 /* AppDelegate.swift in Sources */,
				34CEADC51E81793300FB2E70 /* Home_ViewController.swift in Sources */,
				34CEADC31E81793300FB2E70 /* Home_Protocols.swift in Sources */,
				345C60091E80401A00625792 /* User.swift in Sources */,
				342C1A1C1E7FF53200BDA3D0 /* Login_ViewController.swift in Sources */,
				34CEADC11E81793300FB2E70 /* Home_Interactor.swift in Sources */,
				34DE4BE81E827055000CD117 /* Register_Interactor.swift in Sources */,
			);
			runOnlyForDeploymentPostprocessing = 0;
		};
/* End PBXSourcesBuildPhase section */

/* Begin PBXVariantGroup section */
		342C19F31E7FEE2C00BDA3D0 /* Main.storyboard */ = {
			isa = PBXVariantGroup;
			children = (
				342C19F41E7FEE2C00BDA3D0 /* Base */,
			);
			name = Main.storyboard;
			sourceTree = "<group>";
		};
		342C19F81E7FEE2C00BDA3D0 /* LaunchScreen.storyboard */ = {
			isa = PBXVariantGroup;
			children = (
				342C19F91E7FEE2C00BDA3D0 /* Base */,
			);
			name = LaunchScreen.storyboard;
			sourceTree = "<group>";
		};
/* End PBXVariantGroup section */

/* Begin XCBuildConfiguration section */
		342C19FC1E7FEE2C00BDA3D0 /* Debug */ = {
			isa = XCBuildConfiguration;
			buildSettings = {
				ALWAYS_SEARCH_USER_PATHS = NO;
				CLANG_ANALYZER_NONNULL = YES;
				CLANG_CXX_LANGUAGE_STANDARD = "gnu++0x";
				CLANG_CXX_LIBRARY = "libc++";
				CLANG_ENABLE_MODULES = YES;
				CLANG_ENABLE_OBJC_ARC = YES;
				CLANG_WARN_BOOL_CONVERSION = YES;
				CLANG_WARN_CONSTANT_CONVERSION = YES;
				CLANG_WARN_DIRECT_OBJC_ISA_USAGE = YES_ERROR;
				CLANG_WARN_DOCUMENTATION_COMMENTS = YES;
				CLANG_WARN_EMPTY_BODY = YES;
				CLANG_WARN_ENUM_CONVERSION = YES;
				CLANG_WARN_INFINITE_RECURSION = YES;
				CLANG_WARN_INT_CONVERSION = YES;
				CLANG_WARN_OBJC_ROOT_CLASS = YES_ERROR;
				CLANG_WARN_SUSPICIOUS_MOVE = YES;
				CLANG_WARN_UNREACHABLE_CODE = YES;
				CLANG_WARN__DUPLICATE_METHOD_MATCH = YES;
				"CODE_SIGN_IDENTITY[sdk=iphoneos*]" = "iPhone Developer";
				COPY_PHASE_STRIP = NO;
				DEBUG_INFORMATION_FORMAT = dwarf;
				ENABLE_STRICT_OBJC_MSGSEND = YES;
				ENABLE_TESTABILITY = YES;
				GCC_C_LANGUAGE_STANDARD = gnu99;
				GCC_DYNAMIC_NO_PIC = NO;
				GCC_NO_COMMON_BLOCKS = YES;
				GCC_OPTIMIZATION_LEVEL = 0;
				GCC_PREPROCESSOR_DEFINITIONS = (
					"DEBUG=1",
					"$(inherited)",
				);
				GCC_WARN_64_TO_32_BIT_CONVERSION = YES;
				GCC_WARN_ABOUT_RETURN_TYPE = YES_ERROR;
				GCC_WARN_UNDECLARED_SELECTOR = YES;
				GCC_WARN_UNINITIALIZED_AUTOS = YES_AGGRESSIVE;
				GCC_WARN_UNUSED_FUNCTION = YES;
				GCC_WARN_UNUSED_VARIABLE = YES;
				IPHONEOS_DEPLOYMENT_TARGET = 10.2;
				MTL_ENABLE_DEBUG_INFO = YES;
				ONLY_ACTIVE_ARCH = YES;
				SDKROOT = iphoneos;
				SWIFT_ACTIVE_COMPILATION_CONDITIONS = DEBUG;
				SWIFT_OPTIMIZATION_LEVEL = "-Onone";
				TARGETED_DEVICE_FAMILY = "1,2";
			};
			name = Debug;
		};
		342C19FD1E7FEE2C00BDA3D0 /* Release */ = {
			isa = XCBuildConfiguration;
			buildSettings = {
				ALWAYS_SEARCH_USER_PATHS = NO;
				CLANG_ANALYZER_NONNULL = YES;
				CLANG_CXX_LANGUAGE_STANDARD = "gnu++0x";
				CLANG_CXX_LIBRARY = "libc++";
				CLANG_ENABLE_MODULES = YES;
				CLANG_ENABLE_OBJC_ARC = YES;
				CLANG_WARN_BOOL_CONVERSION = YES;
				CLANG_WARN_CONSTANT_CONVERSION = YES;
				CLANG_WARN_DIRECT_OBJC_ISA_USAGE = YES_ERROR;
				CLANG_WARN_DOCUMENTATION_COMMENTS = YES;
				CLANG_WARN_EMPTY_BODY = YES;
				CLANG_WARN_ENUM_CONVERSION = YES;
				CLANG_WARN_INFINITE_RECURSION = YES;
				CLANG_WARN_INT_CONVERSION = YES;
				CLANG_WARN_OBJC_ROOT_CLASS = YES_ERROR;
				CLANG_WARN_SUSPICIOUS_MOVE = YES;
				CLANG_WARN_UNREACHABLE_CODE = YES;
				CLANG_WARN__DUPLICATE_METHOD_MATCH = YES;
				"CODE_SIGN_IDENTITY[sdk=iphoneos*]" = "iPhone Developer";
				COPY_PHASE_STRIP = NO;
				DEBUG_INFORMATION_FORMAT = "dwarf-with-dsym";
				ENABLE_NS_ASSERTIONS = NO;
				ENABLE_STRICT_OBJC_MSGSEND = YES;
				GCC_C_LANGUAGE_STANDARD = gnu99;
				GCC_NO_COMMON_BLOCKS = YES;
				GCC_WARN_64_TO_32_BIT_CONVERSION = YES;
				GCC_WARN_ABOUT_RETURN_TYPE = YES_ERROR;
				GCC_WARN_UNDECLARED_SELECTOR = YES;
				GCC_WARN_UNINITIALIZED_AUTOS = YES_AGGRESSIVE;
				GCC_WARN_UNUSED_FUNCTION = YES;
				GCC_WARN_UNUSED_VARIABLE = YES;
				IPHONEOS_DEPLOYMENT_TARGET = 10.2;
				MTL_ENABLE_DEBUG_INFO = NO;
				SDKROOT = iphoneos;
				SWIFT_OPTIMIZATION_LEVEL = "-Owholemodule";
				TARGETED_DEVICE_FAMILY = "1,2";
				VALIDATE_PRODUCT = YES;
			};
			name = Release;
		};
		342C19FF1E7FEE2C00BDA3D0 /* Debug */ = {
			isa = XCBuildConfiguration;
			buildSettings = {
				ASSETCATALOG_COMPILER_APPICON_NAME = AppIcon;
				DEVELOPMENT_TEAM = A8GM57A6DQ;
				INFOPLIST_FILE = SwiftViper/Info.plist;
				LD_RUNPATH_SEARCH_PATHS = "$(inherited) @executable_path/Frameworks";
				PRODUCT_BUNDLE_IDENTIFIER = com.acsanchezcu.SwiftViper;
				PRODUCT_NAME = "$(TARGET_NAME)";
				SWIFT_VERSION = 3.0;
			};
			name = Debug;
		};
		342C1A001E7FEE2C00BDA3D0 /* Release */ = {
			isa = XCBuildConfiguration;
			buildSettings = {
				ASSETCATALOG_COMPILER_APPICON_NAME = AppIcon;
				DEVELOPMENT_TEAM = A8GM57A6DQ;
				INFOPLIST_FILE = SwiftViper/Info.plist;
				LD_RUNPATH_SEARCH_PATHS = "$(inherited) @executable_path/Frameworks";
				PRODUCT_BUNDLE_IDENTIFIER = com.acsanchezcu.SwiftViper;
				PRODUCT_NAME = "$(TARGET_NAME)";
				SWIFT_VERSION = 3.0;
			};
			name = Release;
		};
/* End XCBuildConfiguration section */

/* Begin XCConfigurationList section */
		342C19E71E7FEE2C00BDA3D0 /* Build configuration list for PBXProject "SwiftViper" */ = {
			isa = XCConfigurationList;
			buildConfigurations = (
				342C19FC1E7FEE2C00BDA3D0 /* Debug */,
				342C19FD1E7FEE2C00BDA3D0 /* Release */,
			);
			defaultConfigurationIsVisible = 0;
			defaultConfigurationName = Release;
		};
		342C19FE1E7FEE2C00BDA3D0 /* Build configuration list for PBXNativeTarget "SwiftViper" */ = {
			isa = XCConfigurationList;
			buildConfigurations = (
				342C19FF1E7FEE2C00BDA3D0 /* Debug */,
				342C1A001E7FEE2C00BDA3D0 /* Release */,
			);
			defaultConfigurationIsVisible = 0;
			defaultConfigurationName = Release;
		};
/* End XCConfigurationList section */
	};
	rootObject = 342C19E41E7FEE2C00BDA3D0 /* Project object */;
}
